// !$*UTF8*$!
{
	archiveVersion = 1;
	classes = {
	};
	objectVersion = 55;
	objects = {

/* Begin PBXBuildFile section */
		672692BD27441E9D00BD53FC /* main.c in Sources */ = {isa = PBXBuildFile; fileRef = 672692BC27441E9D00BD53FC /* main.c */; };
		672692C5274422D100BD53FC /* mergesort.c in Sources */ = {isa = PBXBuildFile; fileRef = 672692C4274422D100BD53FC /* mergesort.c */; };
		672692C8274423B100BD53FC /* quicksort.c in Sources */ = {isa = PBXBuildFile; fileRef = 672692C7274423B100BD53FC /* quicksort.c */; };
		672692CB2744275B00BD53FC /* selectionsort.c in Sources */ = {isa = PBXBuildFile; fileRef = 672692CA2744275B00BD53FC /* selectionsort.c */; };
		672692CE274427A700BD53FC /* sortcommon.c in Sources */ = {isa = PBXBuildFile; fileRef = 672692CD274427A700BD53FC /* sortcommon.c */; };
		672692D127442B6700BD53FC /* insertionsort.c in Sources */ = {isa = PBXBuildFile; fileRef = 672692D027442B6700BD53FC /* insertionsort.c */; };
		672692D427442D3100BD53FC /* bubblesort.c in Sources */ = {isa = PBXBuildFile; fileRef = 672692D327442D3100BD53FC /* bubblesort.c */; };
/* End PBXBuildFile section */

/* Begin PBXCopyFilesBuildPhase section */
		672692B727441E9D00BD53FC /* CopyFiles */ = {
			isa = PBXCopyFilesBuildPhase;
			buildActionMask = 2147483647;
			dstPath = /usr/share/man/man1/;
			dstSubfolderSpec = 0;
			files = (
			);
			runOnlyForDeploymentPostprocessing = 1;
		};
/* End PBXCopyFilesBuildPhase section */

/* Begin PBXFileReference section */
		672692B927441E9D00BD53FC /* sortexperiments */ = {isa = PBXFileReference; explicitFileType = "compiled.mach-o.executable"; includeInIndex = 0; path = sortexperiments; sourceTree = BUILT_PRODUCTS_DIR; };
		672692BC27441E9D00BD53FC /* main.c */ = {isa = PBXFileReference; lastKnownFileType = sourcecode.c.c; path = main.c; sourceTree = "<group>"; };
		672692C3274422D100BD53FC /* mergesort.h */ = {isa = PBXFileReference; lastKnownFileType = sourcecode.c.h; path = mergesort.h; sourceTree = "<group>"; };
		672692C4274422D100BD53FC /* mergesort.c */ = {isa = PBXFileReference; lastKnownFileType = sourcecode.c.c; path = mergesort.c; sourceTree = "<group>"; };
		672692C6274423B100BD53FC /* quicksort.h */ = {isa = PBXFileReference; lastKnownFileType = sourcecode.c.h; path = quicksort.h; sourceTree = "<group>"; };
		672692C7274423B100BD53FC /* quicksort.c */ = {isa = PBXFileReference; lastKnownFileType = sourcecode.c.c; path = quicksort.c; sourceTree = "<group>"; };
		672692C92744275B00BD53FC /* selectionsort.h */ = {isa = PBXFileReference; lastKnownFileType = sourcecode.c.h; path = selectionsort.h; sourceTree = "<group>"; };
		672692CA2744275B00BD53FC /* selectionsort.c */ = {isa = PBXFileReference; lastKnownFileType = sourcecode.c.c; path = selectionsort.c; sourceTree = "<group>"; };
		672692CC274427A700BD53FC /* sortcommon.h */ = {isa = PBXFileReference; lastKnownFileType = sourcecode.c.h; path = sortcommon.h; sourceTree = "<group>"; };
		672692CD274427A700BD53FC /* sortcommon.c */ = {isa = PBXFileReference; lastKnownFileType = sourcecode.c.c; path = sortcommon.c; sourceTree = "<group>"; };
		672692CF27442B6700BD53FC /* insertionsort.h */ = {isa = PBXFileReference; lastKnownFileType = sourcecode.c.h; path = insertionsort.h; sourceTree = "<group>"; };
		672692D027442B6700BD53FC /* insertionsort.c */ = {isa = PBXFileReference; lastKnownFileType = sourcecode.c.c; path = insertionsort.c; sourceTree = "<group>"; };
		672692D227442D3100BD53FC /* bubblesort.h */ = {isa = PBXFileReference; lastKnownFileType = sourcecode.c.h; path = bubblesort.h; sourceTree = "<group>"; };
		672692D327442D3100BD53FC /* bubblesort.c */ = {isa = PBXFileReference; lastKnownFileType = sourcecode.c.c; path = bubblesort.c; sourceTree = "<group>"; };
		672692D52744377800BD53FC /* Products */ = {isa = PBXFileReference; lastKnownFileType = folder; name = Products; path = "../../../../Xcode DerivedData/sortexperiments-cqkvbtczhvwozeaeeviulakbtyhr/Build/Products"; sourceTree = "<group>"; };
/* End PBXFileReference section */

/* Begin PBXFrameworksBuildPhase section */
		672692B627441E9D00BD53FC /* Frameworks */ = {
			isa = PBXFrameworksBuildPhase;
			buildActionMask = 2147483647;
			files = (
			);
			runOnlyForDeploymentPostprocessing = 0;
		};
/* End PBXFrameworksBuildPhase section */

/* Begin PBXGroup section */
		672692B027441E9D00BD53FC = {
			isa = PBXGroup;
			children = (
				672692BB27441E9D00BD53FC /* sortexperiments */,
				672692D52744377800BD53FC /* Products */,
				672692BA27441E9D00BD53FC /* Products */,
			);
			sourceTree = "<group>";
		};
		672692BA27441E9D00BD53FC /* Products */ = {
			isa = PBXGroup;
			children = (
				672692B927441E9D00BD53FC /* sortexperiments */,
			);
			name = Products;
			sourceTree = "<group>";
		};
		672692BB27441E9D00BD53FC /* sortexperiments */ = {
			isa = PBXGroup;
			children = (
				672692BC27441E9D00BD53FC /* main.c */,
				672692CC274427A700BD53FC /* sortcommon.h */,
				672692CD274427A700BD53FC /* sortcommon.c */,
				672692C3274422D100BD53FC /* mergesort.h */,
				672692C4274422D100BD53FC /* mergesort.c */,
				672692C6274423B100BD53FC /* quicksort.h */,
				672692C7274423B100BD53FC /* quicksort.c */,
				672692C92744275B00BD53FC /* selectionsort.h */,
				672692CA2744275B00BD53FC /* selectionsort.c */,
				672692CF27442B6700BD53FC /* insertionsort.h */,
				672692D027442B6700BD53FC /* insertionsort.c */,
				672692D227442D3100BD53FC /* bubblesort.h */,
				672692D327442D3100BD53FC /* bubblesort.c */,
			);
			path = sortexperiments;
			sourceTree = "<group>";
		};
/* End PBXGroup section */

/* Begin PBXNativeTarget section */
		672692B827441E9D00BD53FC /* sortexperiments */ = {
			isa = PBXNativeTarget;
			buildConfigurationList = 672692C027441E9D00BD53FC /* Build configuration list for PBXNativeTarget "sortexperiments" */;
			buildPhases = (
				672692B527441E9D00BD53FC /* Sources */,
				672692B627441E9D00BD53FC /* Frameworks */,
				672692B727441E9D00BD53FC /* CopyFiles */,
			);
			buildRules = (
			);
			dependencies = (
			);
			name = sortexperiments;
			productName = sortexperiments;
			productReference = 672692B927441E9D00BD53FC /* sortexperiments */;
			productType = "com.apple.product-type.tool";
		};
/* End PBXNativeTarget section */

/* Begin PBXProject section */
		672692B127441E9D00BD53FC /* Project object */ = {
			isa = PBXProject;
			attributes = {
				BuildIndependentTargetsInParallel = 1;
				LastUpgradeCheck = 1310;
				TargetAttributes = {
					672692B827441E9D00BD53FC = {
						CreatedOnToolsVersion = 13.1;
					};
				};
			};
			buildConfigurationList = 672692B427441E9D00BD53FC /* Build configuration list for PBXProject "sortexperiments" */;
			compatibilityVersion = "Xcode 13.0";
			developmentRegion = en;
			hasScannedForEncodings = 0;
			knownRegions = (
				en,
				Base,
			);
			mainGroup = 672692B027441E9D00BD53FC;
			productRefGroup = 672692BA27441E9D00BD53FC /* Products */;
			projectDirPath = "";
			projectRoot = "";
			targets = (
				672692B827441E9D00BD53FC /* sortexperiments */,
			);
		};
/* End PBXProject section */

/* Begin PBXSourcesBuildPhase section */
		672692B527441E9D00BD53FC /* Sources */ = {
			isa = PBXSourcesBuildPhase;
			buildActionMask = 2147483647;
			files = (
				672692D427442D3100BD53FC /* bubblesort.c in Sources */,
				672692C5274422D100BD53FC /* mergesort.c in Sources */,
				672692CE274427A700BD53FC /* sortcommon.c in Sources */,
				672692BD27441E9D00BD53FC /* main.c in Sources */,
				672692CB2744275B00BD53FC /* selectionsort.c in Sources */,
				672692C8274423B100BD53FC /* quicksort.c in Sources */,
				672692D127442B6700BD53FC /* insertionsort.c in Sources */,
			);
			runOnlyForDeploymentPostprocessing = 0;
		};
/* End PBXSourcesBuildPhase section */

/* Begin XCBuildConfiguration section */
		672692BE27441E9D00BD53FC /* Debug */ = {
			isa = XCBuildConfiguration;
			buildSettings = {
				ALWAYS_SEARCH_USER_PATHS = NO;
				CLANG_ANALYZER_NONNULL = YES;
				CLANG_ANALYZER_NUMBER_OBJECT_CONVERSION = YES_AGGRESSIVE;
				CLANG_CXX_LANGUAGE_STANDARD = "gnu++17";
				CLANG_CXX_LIBRARY = "libc++";
				CLANG_ENABLE_MODULES = YES;
				CLANG_ENABLE_OBJC_ARC = YES;
				CLANG_ENABLE_OBJC_WEAK = YES;
				CLANG_WARN_BLOCK_CAPTURE_AUTORELEASING = YES;
				CLANG_WARN_BOOL_CONVERSION = YES;
				CLANG_WARN_COMMA = YES;
				CLANG_WARN_CONSTANT_CONVERSION = YES;
				CLANG_WARN_DEPRECATED_OBJC_IMPLEMENTATIONS = YES;
				CLANG_WARN_DIRECT_OBJC_ISA_USAGE = YES_ERROR;
				CLANG_WARN_DOCUMENTATION_COMMENTS = YES;
				CLANG_WARN_EMPTY_BODY = YES;
				CLANG_WARN_ENUM_CONVERSION = YES;
				CLANG_WARN_INFINITE_RECURSION = YES;
				CLANG_WARN_INT_CONVERSION = YES;
				CLANG_WARN_NON_LITERAL_NULL_CONVERSION = YES;
				CLANG_WARN_OBJC_IMPLICIT_RETAIN_SELF = YES;
				CLANG_WARN_OBJC_LITERAL_CONVERSION = YES;
				CLANG_WARN_OBJC_ROOT_CLASS = YES_ERROR;
				CLANG_WARN_QUOTED_INCLUDE_IN_FRAMEWORK_HEADER = YES;
				CLANG_WARN_RANGE_LOOP_ANALYSIS = YES;
				CLANG_WARN_STRICT_PROTOTYPES = YES;
				CLANG_WARN_SUSPICIOUS_MOVE = YES;
				CLANG_WARN_UNGUARDED_AVAILABILITY = YES_AGGRESSIVE;
				CLANG_WARN_UNREACHABLE_CODE = YES;
				CLANG_WARN__DUPLICATE_METHOD_MATCH = YES;
				COPY_PHASE_STRIP = NO;
				DEBUG_INFORMATION_FORMAT = dwarf;
				ENABLE_STRICT_OBJC_MSGSEND = YES;
				ENABLE_TESTABILITY = YES;
				GCC_C_LANGUAGE_STANDARD = gnu11;
				GCC_DYNAMIC_NO_PIC = NO;
				GCC_NO_COMMON_BLOCKS = YES;
				GCC_OPTIMIZATION_LEVEL = 0;
				GCC_PREPROCESSOR_DEFINITIONS = (
					"DEBUG=1",
					"$(inherited)",
				);
				GCC_WARN_64_TO_32_BIT_CONVERSION = YES;
				GCC_WARN_ABOUT_RETURN_TYPE = YES_ERROR;
				GCC_WARN_UNDECLARED_SELECTOR = YES;
				GCC_WARN_UNINITIALIZED_AUTOS = YES_AGGRESSIVE;
				GCC_WARN_UNUSED_FUNCTION = YES;
				GCC_WARN_UNUSED_VARIABLE = YES;
				MACOSX_DEPLOYMENT_TARGET = 12.0;
				MTL_ENABLE_DEBUG_INFO = INCLUDE_SOURCE;
				MTL_FAST_MATH = YES;
				ONLY_ACTIVE_ARCH = YES;
				SDKROOT = macosx;
			};
			name = Debug;
		};
		672692BF27441E9D00BD53FC /* Release */ = {
			isa = XCBuildConfiguration;
			buildSettings = {
				ALWAYS_SEARCH_USER_PATHS = NO;
				CLANG_ANALYZER_NONNULL = YES;
				CLANG_ANALYZER_NUMBER_OBJECT_CONVERSION = YES_AGGRESSIVE;
				CLANG_CXX_LANGUAGE_STANDARD = "gnu++17";
				CLANG_CXX_LIBRARY = "libc++";
				CLANG_ENABLE_MODULES = YES;
				CLANG_ENABLE_OBJC_ARC = YES;
				CLANG_ENABLE_OBJC_WEAK = YES;
				CLANG_WARN_BLOCK_CAPTURE_AUTORELEASING = YES;
				CLANG_WARN_BOOL_CONVERSION = YES;
				CLANG_WARN_COMMA = YES;
				CLANG_WARN_CONSTANT_CONVERSION = YES;
				CLANG_WARN_DEPRECATED_OBJC_IMPLEMENTATIONS = YES;
				CLANG_WARN_DIRECT_OBJC_ISA_USAGE = YES_ERROR;
				CLANG_WARN_DOCUMENTATION_COMMENTS = YES;
				CLANG_WARN_EMPTY_BODY = YES;
				CLANG_WARN_ENUM_CONVERSION = YES;
				CLANG_WARN_INFINITE_RECURSION = YES;
				CLANG_WARN_INT_CONVERSION = YES;
				CLANG_WARN_NON_LITERAL_NULL_CONVERSION = YES;
				CLANG_WARN_OBJC_IMPLICIT_RETAIN_SELF = YES;
				CLANG_WARN_OBJC_LITERAL_CONVERSION = YES;
				CLANG_WARN_OBJC_ROOT_CLASS = YES_ERROR;
				CLANG_WARN_QUOTED_INCLUDE_IN_FRAMEWORK_HEADER = YES;
				CLANG_WARN_RANGE_LOOP_ANALYSIS = YES;
				CLANG_WARN_STRICT_PROTOTYPES = YES;
				CLANG_WARN_SUSPICIOUS_MOVE = YES;
				CLANG_WARN_UNGUARDED_AVAILABILITY = YES_AGGRESSIVE;
				CLANG_WARN_UNREACHABLE_CODE = YES;
				CLANG_WARN__DUPLICATE_METHOD_MATCH = YES;
				COPY_PHASE_STRIP = NO;
				DEBUG_INFORMATION_FORMAT = "dwarf-with-dsym";
				ENABLE_NS_ASSERTIONS = NO;
				ENABLE_STRICT_OBJC_MSGSEND = YES;
				GCC_C_LANGUAGE_STANDARD = gnu11;
				GCC_NO_COMMON_BLOCKS = YES;
				GCC_WARN_64_TO_32_BIT_CONVERSION = YES;
				GCC_WARN_ABOUT_RETURN_TYPE = YES_ERROR;
				GCC_WARN_UNDECLARED_SELECTOR = YES;
				GCC_WARN_UNINITIALIZED_AUTOS = YES_AGGRESSIVE;
				GCC_WARN_UNUSED_FUNCTION = YES;
				GCC_WARN_UNUSED_VARIABLE = YES;
				MACOSX_DEPLOYMENT_TARGET = 12.0;
				MTL_ENABLE_DEBUG_INFO = NO;
				MTL_FAST_MATH = YES;
				SDKROOT = macosx;
			};
			name = Release;
		};
		672692C127441E9D00BD53FC /* Debug */ = {
			isa = XCBuildConfiguration;
			buildSettings = {
				CODE_SIGN_STYLE = Automatic;
				DEVELOPMENT_TEAM = L7649VVVC4;
				ENABLE_HARDENED_RUNTIME = YES;
				PRODUCT_NAME = "$(TARGET_NAME)";
			};
			name = Debug;
		};
		672692C227441E9D00BD53FC /* Release */ = {
			isa = XCBuildConfiguration;
			buildSettings = {
				CODE_SIGN_STYLE = Automatic;
				DEVELOPMENT_TEAM = L7649VVVC4;
				ENABLE_HARDENED_RUNTIME = YES;
				PRODUCT_NAME = "$(TARGET_NAME)";
			};
			name = Release;
		};
/* End XCBuildConfiguration section */

/* Begin XCConfigurationList section */
		672692B427441E9D00BD53FC /* Build configuration list for PBXProject "sortexperiments" */ = {
			isa = XCConfigurationList;
			buildConfigurations = (
				672692BE27441E9D00BD53FC /* Debug */,
				672692BF27441E9D00BD53FC /* Release */,
			);
			defaultConfigurationIsVisible = 0;
			defaultConfigurationName = Release;
		};
		672692C027441E9D00BD53FC /* Build configuration list for PBXNativeTarget "sortexperiments" */ = {
			isa = XCConfigurationList;
			buildConfigurations = (
				672692C127441E9D00BD53FC /* Debug */,
				672692C227441E9D00BD53FC /* Release */,
			);
			defaultConfigurationIsVisible = 0;
			defaultConfigurationName = Release;
		};
/* End XCConfigurationList section */
	};
	rootObject = 672692B127441E9D00BD53FC /* Project object */;
}
